
Microsoft Visual Studio Solution File, Format Version 12.00
# Visual Studio Version 17
VisualStudioVersion = 17.8.34330.188
MinimumVisualStudioVersion = 10.0.40219.1
Project("{9A19103F-16F7-4668-BE54-9A1E7A4F7556}") = "TestDBSSMS", "TestDBSSMS\TestDBSSMS.csproj", "{6BE2D70A-2452-4501-B8CA-9AEB03E53E80}"
EndProject
Project("{9A19103F-16F7-4668-BE54-9A1E7A4F7556}") = "Test", "Test\Test.csproj", "{A343CFCB-6CB5-403E-91D9-084E5DC02737}"
EndProject
Global
	GlobalSection(SolutionConfigurationPlatforms) = preSolution
		Debug|Any CPU = Debug|Any CPU
		Release|Any CPU = Release|Any CPU
	EndGlobalSection
	GlobalSection(ProjectConfigurationPlatforms) = postSolution
		{6BE2D70A-2452-4501-B8CA-9AEB03E53E80}.Debug|Any CPU.ActiveCfg = Debug|Any CPU
		{6BE2D70A-2452-4501-B8CA-9AEB03E53E80}.Debug|Any CPU.Build.0 = Debug|Any CPU
		{6BE2D70A-2452-4501-B8CA-9AEB03E53E80}.Release|Any CPU.ActiveCfg = Release|Any CPU
		{6BE2D70A-2452-4501-B8CA-9AEB03E53E80}.Release|Any CPU.Build.0 = Release|Any CPU
		{A343CFCB-6CB5-403E-91D9-084E5DC02737}.Debug|Any CPU.ActiveCfg = Debug|Any CPU
		{A343CFCB-6CB5-403E-91D9-084E5DC02737}.Debug|Any CPU.Build.0 = Debug|Any CPU
		{A343CFCB-6CB5-403E-91D9-084E5DC02737}.Release|Any CPU.ActiveCfg = Release|Any CPU
		{A343CFCB-6CB5-403E-91D9-084E5DC02737}.Release|Any CPU.Build.0 = Release|Any CPU
	EndGlobalSection
	GlobalSection(SolutionProperties) = preSolution
		HideSolutionNode = FALSE
	EndGlobalSection
	GlobalSection(ExtensibilityGlobals) = postSolution
		SolutionGuid = {93B1FEF7-7AF8-49FD-8B97-1CCF94639314}
	EndGlobalSection
EndGlobal
