
Microsoft Visual Studio Solution File, Format Version 12.00
Project("{FAE04EC0-301F-11D3-BF4B-00C04F79EFBC}") = "WifiMyCruck", "WifiMyCruck\WifiMyCruck.csproj", "{07FB092E-AE2A-495A-A7E5-D17931579A50}"
EndProject
Global
	GlobalSection(SolutionConfigurationPlatforms) = preSolution
		Debug|Any CPU = Debug|Any CPU
		Release|Any CPU = Release|Any CPU
	EndGlobalSection
	GlobalSection(ProjectConfigurationPlatforms) = postSolution
		{07FB092E-AE2A-495A-A7E5-D17931579A50}.Debug|Any CPU.ActiveCfg = Debug|Any CPU
		{07FB092E-AE2A-495A-A7E5-D17931579A50}.Debug|Any CPU.Build.0 = Debug|Any CPU
		{07FB092E-AE2A-495A-A7E5-D17931579A50}.Release|Any CPU.ActiveCfg = Release|Any CPU
		{07FB092E-AE2A-495A-A7E5-D17931579A50}.Release|Any CPU.Build.0 = Release|Any CPU
	EndGlobalSection
EndGlobal
