
Microsoft Visual Studio Solution File, Format Version 12.00
# Visual Studio Version 17
VisualStudioVersion = 17.14.36616.10 d17.14
MinimumVisualStudioVersion = 10.0.40219.1
Project("{FAE04EC0-301F-11D3-BF4B-00C04F79EFBC}") = "ConverterXMLtoPDF", "ConverterXMLtoPDF\ConverterXMLtoPDF.csproj", "{92E30C59-6AD0-4CA0-B1F2-7C9892A3477C}"
EndProject
Global
	GlobalSection(SolutionConfigurationPlatforms) = preSolution
		Debug|Any CPU = Debug|Any CPU
		Release|Any CPU = Release|Any CPU
	EndGlobalSection
	GlobalSection(ProjectConfigurationPlatforms) = postSolution
		{92E30C59-6AD0-4CA0-B1F2-7C9892A3477C}.Debug|Any CPU.ActiveCfg = Debug|Any CPU
		{92E30C59-6AD0-4CA0-B1F2-7C9892A3477C}.Debug|Any CPU.Build.0 = Debug|Any CPU
		{92E30C59-6AD0-4CA0-B1F2-7C9892A3477C}.Release|Any CPU.ActiveCfg = Release|Any CPU
		{92E30C59-6AD0-4CA0-B1F2-7C9892A3477C}.Release|Any CPU.Build.0 = Release|Any CPU
	EndGlobalSection
	GlobalSection(SolutionProperties) = preSolution
		HideSolutionNode = FALSE
	EndGlobalSection
	GlobalSection(ExtensibilityGlobals) = postSolution
		SolutionGuid = {485F3B03-A2BF-4F26-BAD1-6D4A40B7B6F5}
	EndGlobalSection
EndGlobal
