
Microsoft Visual Studio Solution File, Format Version 12.00
# Visual Studio Version 17
VisualStudioVersion = 17.7.34031.279
MinimumVisualStudioVersion = 10.0.40219.1
Project("{9A19103F-16F7-4668-BE54-9A1E7A4F7556}") = "Module4", "Module4\Module4.csproj", "{7F9CC56C-3429-4981-8D56-4B9155079AA2}"
EndProject
Project("{FAE04EC0-301F-11D3-BF4B-00C04F79EFBC}") = "Exercise5.2.8", "Exercise5.2.8\Exercise5.2.8.csproj", "{748A3258-15C7-4128-88C6-C83D8276ED29}"
EndProject
Global
	GlobalSection(SolutionConfigurationPlatforms) = preSolution
		Debug|Any CPU = Debug|Any CPU
		Release|Any CPU = Release|Any CPU
	EndGlobalSection
	GlobalSection(ProjectConfigurationPlatforms) = postSolution
		{7F9CC56C-3429-4981-8D56-4B9155079AA2}.Debug|Any CPU.ActiveCfg = Debug|Any CPU
		{7F9CC56C-3429-4981-8D56-4B9155079AA2}.Debug|Any CPU.Build.0 = Debug|Any CPU
		{7F9CC56C-3429-4981-8D56-4B9155079AA2}.Release|Any CPU.ActiveCfg = Release|Any CPU
		{7F9CC56C-3429-4981-8D56-4B9155079AA2}.Release|Any CPU.Build.0 = Release|Any CPU
		{748A3258-15C7-4128-88C6-C83D8276ED29}.Debug|Any CPU.ActiveCfg = Debug|Any CPU
		{748A3258-15C7-4128-88C6-C83D8276ED29}.Debug|Any CPU.Build.0 = Debug|Any CPU
		{748A3258-15C7-4128-88C6-C83D8276ED29}.Release|Any CPU.ActiveCfg = Release|Any CPU
		{748A3258-15C7-4128-88C6-C83D8276ED29}.Release|Any CPU.Build.0 = Release|Any CPU
	EndGlobalSection
	GlobalSection(SolutionProperties) = preSolution
		HideSolutionNode = FALSE
	EndGlobalSection
	GlobalSection(ExtensibilityGlobals) = postSolution
		SolutionGuid = {FA2D30E5-390C-4525-A779-8F94F6DF9073}
	EndGlobalSection
EndGlobal
